Microsoft Visual Studio Solution File, Format Version 12.00
# Visual Studio Version 17
VisualStudioVersion = 17.5.2.0
MinimumVisualStudioVersion = 10.0.40219.1
Project("{FAE04EC0-301F-11D3-BF4B-00C04F79EFBC}") = "SubgraphProducts", "SubgraphProducts\SubgraphProducts.csproj", "{68AA8AD2-52E7-FE01-C36B-1AD579EAB87E}"
EndProject
Project("{FAE04EC0-301F-11D3-BF4B-00C04F79EFBC}") = "SubgraphUsers", "SubgraphUsers\SubgraphUsers.csproj", "{B4A779C4-3522-93A3-6E40-C49B1CF89D27}"
EndProject
Global
	GlobalSection(SolutionConfigurationPlatforms) = preSolution
		Debug|Any CPU = Debug|Any CPU
		Release|Any CPU = Release|Any CPU
	EndGlobalSection
	GlobalSection(ProjectConfigurationPlatforms) = postSolution
		{68AA8AD2-52E7-FE01-C36B-1AD579EAB87E}.Debug|Any CPU.ActiveCfg = Debug|Any CPU
		{68AA8AD2-52E7-FE01-C36B-1AD579EAB87E}.Debug|Any CPU.Build.0 = Debug|Any CPU
		{68AA8AD2-52E7-FE01-C36B-1AD579EAB87E}.Release|Any CPU.ActiveCfg = Release|Any CPU
		{68AA8AD2-52E7-FE01-C36B-1AD579EAB87E}.Release|Any CPU.Build.0 = Release|Any CPU
		{B4A779C4-3522-93A3-6E40-C49B1CF89D27}.Debug|Any CPU.ActiveCfg = Debug|Any CPU
		{B4A779C4-3522-93A3-6E40-C49B1CF89D27}.Debug|Any CPU.Build.0 = Debug|Any CPU
		{B4A779C4-3522-93A3-6E40-C49B1CF89D27}.Release|Any CPU.ActiveCfg = Release|Any CPU
		{B4A779C4-3522-93A3-6E40-C49B1CF89D27}.Release|Any CPU.Build.0 = Release|Any CPU
	EndGlobalSection
	GlobalSection(SolutionProperties) = preSolution
		HideSolutionNode = FALSE
	EndGlobalSection
	GlobalSection(ExtensibilityGlobals) = postSolution
		SolutionGuid = {C9F4C025-DDF3-49FD-BF8C-0D6C7375D0FB}
	EndGlobalSection
EndGlobal
